
Microsoft Visual Studio Solution File, Format Version 12.00
# Visual Studio Version 17
VisualStudioVersion = 17.11.35208.52
MinimumVisualStudioVersion = 10.0.40219.1
Project("{FAE04EC0-301F-11D3-BF4B-00C04F79EFBC}") = "Opgave 9 Rest webapplikationer", "Opgave 9 Rest webapplikationer\Opgave 9 Rest webapplikationer.csproj", "{36637CD8-74A9-4181-B329-C15003F36E46}"
EndProject
Project("{FAE04EC0-301F-11D3-BF4B-00C04F79EFBC}") = "Web_Api_Klient", "Web_Api_Klient\Web_Api_Klient.csproj", "{4881A4B5-1F6C-44DC-9AE6-97784B030636}"
EndProject
Global
	GlobalSection(SolutionConfigurationPlatforms) = preSolution
		Debug|Any CPU = Debug|Any CPU
		Release|Any CPU = Release|Any CPU
	EndGlobalSection
	GlobalSection(ProjectConfigurationPlatforms) = postSolution
		{36637CD8-74A9-4181-B329-C15003F36E46}.Debug|Any CPU.ActiveCfg = Debug|Any CPU
		{36637CD8-74A9-4181-B329-C15003F36E46}.Debug|Any CPU.Build.0 = Debug|Any CPU
		{36637CD8-74A9-4181-B329-C15003F36E46}.Release|Any CPU.ActiveCfg = Release|Any CPU
		{36637CD8-74A9-4181-B329-C15003F36E46}.Release|Any CPU.Build.0 = Release|Any CPU
		{4881A4B5-1F6C-44DC-9AE6-97784B030636}.Debug|Any CPU.ActiveCfg = Debug|Any CPU
		{4881A4B5-1F6C-44DC-9AE6-97784B030636}.Debug|Any CPU.Build.0 = Debug|Any CPU
		{4881A4B5-1F6C-44DC-9AE6-97784B030636}.Release|Any CPU.ActiveCfg = Release|Any CPU
		{4881A4B5-1F6C-44DC-9AE6-97784B030636}.Release|Any CPU.Build.0 = Release|Any CPU
	EndGlobalSection
	GlobalSection(SolutionProperties) = preSolution
		HideSolutionNode = FALSE
	EndGlobalSection
	GlobalSection(ExtensibilityGlobals) = postSolution
		SolutionGuid = {8CFE0A24-F42F-4711-8E5A-F01CD7ACB826}
	EndGlobalSection
EndGlobal
